
Microsoft Visual Studio Solution File, Format Version 12.00
# Visual Studio Version 16
VisualStudioVersion = 16.0.29519.181
MinimumVisualStudioVersion = 10.0.40219.1
Project("{FAE04EC0-301F-11D3-BF4B-00C04F79EFBC}") = "savarankiskas2", "savarankiskas2\savarankiskas2.csproj", "{FC4639A7-1AB9-4733-B1F6-538900185E3C}"
EndProject
Global
	GlobalSection(SolutionConfigurationPlatforms) = preSolution
		Debug|Any CPU = Debug|Any CPU
		Release|Any CPU = Release|Any CPU
	EndGlobalSection
	GlobalSection(ProjectConfigurationPlatforms) = postSolution
		{FC4639A7-1AB9-4733-B1F6-538900185E3C}.Debug|Any CPU.ActiveCfg = Debug|Any CPU
		{FC4639A7-1AB9-4733-B1F6-538900185E3C}.Debug|Any CPU.Build.0 = Debug|Any CPU
		{FC4639A7-1AB9-4733-B1F6-538900185E3C}.Release|Any CPU.ActiveCfg = Release|Any CPU
		{FC4639A7-1AB9-4733-B1F6-538900185E3C}.Release|Any CPU.Build.0 = Release|Any CPU
	EndGlobalSection
	GlobalSection(SolutionProperties) = preSolution
		HideSolutionNode = FALSE
	EndGlobalSection
	GlobalSection(ExtensibilityGlobals) = postSolution
		SolutionGuid = {9D5063E2-2A68-45D3-9C36-EED542BD7E31}
	EndGlobalSection
EndGlobal
